
Microsoft Visual Studio Solution File, Format Version 12.00
# Visual Studio Version 16
VisualStudioVersion = 16.0.29728.190
MinimumVisualStudioVersion = 10.0.40219.1
Project("{FAE04EC0-301F-11D3-BF4B-00C04F79EFBC}") = "ComicBookGallery2", "ComicBookGallery2.csproj", "{5298A89B-37F0-4675-9BAF-7ED1AE0A5B68}"
EndProject
Global
	GlobalSection(SolutionConfigurationPlatforms) = preSolution
		Debug|Any CPU = Debug|Any CPU
		Release|Any CPU = Release|Any CPU
	EndGlobalSection
	GlobalSection(ProjectConfigurationPlatforms) = postSolution
		{5298A89B-37F0-4675-9BAF-7ED1AE0A5B68}.Debug|Any CPU.ActiveCfg = Debug|Any CPU
		{5298A89B-37F0-4675-9BAF-7ED1AE0A5B68}.Debug|Any CPU.Build.0 = Debug|Any CPU
		{5298A89B-37F0-4675-9BAF-7ED1AE0A5B68}.Release|Any CPU.ActiveCfg = Release|Any CPU
		{5298A89B-37F0-4675-9BAF-7ED1AE0A5B68}.Release|Any CPU.Build.0 = Release|Any CPU
	EndGlobalSection
	GlobalSection(SolutionProperties) = preSolution
		HideSolutionNode = FALSE
	EndGlobalSection
	GlobalSection(ExtensibilityGlobals) = postSolution
		SolutionGuid = {5AD549B7-8EA9-4F51-BE99-FD1AA0D68229}
	EndGlobalSection
EndGlobal
